
Microsoft Visual Studio Solution File, Format Version 12.00
# Visual Studio 15
VisualStudioVersion = 15.0.28010.2048
MinimumVisualStudioVersion = 10.0.40219.1
Project("{FAE04EC0-301F-11D3-BF4B-00C04F79EFBC}") = "Redactor", "Redactor\Redactor.csproj", "{01BC502B-F901-4C66-A407-D3226ECA7B1B}"
EndProject
Global
	GlobalSection(SolutionConfigurationPlatforms) = preSolution
		Debug|Any CPU = Debug|Any CPU
		Release|Any CPU = Release|Any CPU
	EndGlobalSection
	GlobalSection(ProjectConfigurationPlatforms) = postSolution
		{01BC502B-F901-4C66-A407-D3226ECA7B1B}.Debug|Any CPU.ActiveCfg = Debug|Any CPU
		{01BC502B-F901-4C66-A407-D3226ECA7B1B}.Debug|Any CPU.Build.0 = Debug|Any CPU
		{01BC502B-F901-4C66-A407-D3226ECA7B1B}.Release|Any CPU.ActiveCfg = Release|Any CPU
		{01BC502B-F901-4C66-A407-D3226ECA7B1B}.Release|Any CPU.Build.0 = Release|Any CPU
	EndGlobalSection
	GlobalSection(SolutionProperties) = preSolution
		HideSolutionNode = FALSE
	EndGlobalSection
	GlobalSection(ExtensibilityGlobals) = postSolution
		SolutionGuid = {73504567-5DF9-4C36-8206-5A8C1388537C}
	EndGlobalSection
EndGlobal
